
Microsoft Visual Studio Solution File, Format Version 12.00
# Visual Studio Version 16
VisualStudioVersion = 16.0.29519.181
MinimumVisualStudioVersion = 10.0.40219.1
Project("{FAE04EC0-301F-11D3-BF4B-00C04F79EFBC}") = "SessionParticipants", "SessionParticipants.csproj", "{74DF0747-0728-4CBD-A242-CF0E8ED4C645}"
EndProject
Project("{FAE04EC0-301F-11D3-BF4B-00C04F79EFBC}") = "Zoom", "..\..\Prototypes\Zoom\Zoom.csproj", "{97AABD36-B441-4294-AD20-2AC49E3487D7}"
EndProject
Project("{FAE04EC0-301F-11D3-BF4B-00C04F79EFBC}") = "ZoomApi", "..\ZoomApi\ZoomApi.csproj", "{C7FFA052-338A-4E14-82F6-AF99E432BD67}"
EndProject
Global
	GlobalSection(SolutionConfigurationPlatforms) = preSolution
		Debug|Any CPU = Debug|Any CPU
		Release|Any CPU = Release|Any CPU
	EndGlobalSection
	GlobalSection(ProjectConfigurationPlatforms) = postSolution
		{74DF0747-0728-4CBD-A242-CF0E8ED4C645}.Debug|Any CPU.ActiveCfg = Debug|Any CPU
		{74DF0747-0728-4CBD-A242-CF0E8ED4C645}.Debug|Any CPU.Build.0 = Debug|Any CPU
		{74DF0747-0728-4CBD-A242-CF0E8ED4C645}.Release|Any CPU.ActiveCfg = Release|Any CPU
		{74DF0747-0728-4CBD-A242-CF0E8ED4C645}.Release|Any CPU.Build.0 = Release|Any CPU
		{97AABD36-B441-4294-AD20-2AC49E3487D7}.Debug|Any CPU.ActiveCfg = Debug|Any CPU
		{97AABD36-B441-4294-AD20-2AC49E3487D7}.Debug|Any CPU.Build.0 = Debug|Any CPU
		{97AABD36-B441-4294-AD20-2AC49E3487D7}.Release|Any CPU.ActiveCfg = Release|Any CPU
		{97AABD36-B441-4294-AD20-2AC49E3487D7}.Release|Any CPU.Build.0 = Release|Any CPU
		{C7FFA052-338A-4E14-82F6-AF99E432BD67}.Debug|Any CPU.ActiveCfg = Debug|Any CPU
		{C7FFA052-338A-4E14-82F6-AF99E432BD67}.Debug|Any CPU.Build.0 = Debug|Any CPU
		{C7FFA052-338A-4E14-82F6-AF99E432BD67}.Release|Any CPU.ActiveCfg = Release|Any CPU
		{C7FFA052-338A-4E14-82F6-AF99E432BD67}.Release|Any CPU.Build.0 = Release|Any CPU
	EndGlobalSection
	GlobalSection(SolutionProperties) = preSolution
		HideSolutionNode = FALSE
	EndGlobalSection
	GlobalSection(ExtensibilityGlobals) = postSolution
		SolutionGuid = {06EB181E-2788-4A94-B54D-58A1813F0A2C}
	EndGlobalSection
EndGlobal
